
Microsoft Visual Studio Solution File, Format Version 12.00
# Visual Studio 15
VisualStudioVersion = 15.0.28307.168
MinimumVisualStudioVersion = 10.0.40219.1
Project("{FAE04EC0-301F-11D3-BF4B-00C04F79EFBC}") = "Nodarbiba9_10", "Nodarbiba9_10\Nodarbiba9_10.csproj", "{DA7DC18B-1C85-48EA-BA8A-E6E8D3C97A99}"
EndProject
Global
	GlobalSection(SolutionConfigurationPlatforms) = preSolution
		Debug|Any CPU = Debug|Any CPU
		Release|Any CPU = Release|Any CPU
	EndGlobalSection
	GlobalSection(ProjectConfigurationPlatforms) = postSolution
		{DA7DC18B-1C85-48EA-BA8A-E6E8D3C97A99}.Debug|Any CPU.ActiveCfg = Debug|Any CPU
		{DA7DC18B-1C85-48EA-BA8A-E6E8D3C97A99}.Debug|Any CPU.Build.0 = Debug|Any CPU
		{DA7DC18B-1C85-48EA-BA8A-E6E8D3C97A99}.Release|Any CPU.ActiveCfg = Release|Any CPU
		{DA7DC18B-1C85-48EA-BA8A-E6E8D3C97A99}.Release|Any CPU.Build.0 = Release|Any CPU
	EndGlobalSection
	GlobalSection(SolutionProperties) = preSolution
		HideSolutionNode = FALSE
	EndGlobalSection
	GlobalSection(ExtensibilityGlobals) = postSolution
		SolutionGuid = {CFCA1B4B-B518-4E5F-8F75-8E3F3945774C}
	EndGlobalSection
EndGlobal
